<?xml version="1.0" encoding="utf-8"?>
<Project ToolsVersion="4.0" xmlns="http://schemas.microsoft.com/developer/msbuild/2003">
  <ItemGroup>
    <Filter Include="源文件">
      <UniqueIdentifier>{4FC737F1-C7A5-4376-A066-2A32D752A2FF}</UniqueIdentifier>
      <Extensions>cpp;c;cc;cxx;c++;cppm;ixx;def;odl;idl;hpj;bat;asm;asmx</Extensions>
    </Filter>
    <Filter Include="头文件">
      <UniqueIdentifier>{93995380-89BD-4b04-88EB-625FBE52EBFB}</UniqueIdentifier>
      <Extensions>h;hh;hpp;hxx;h++;hm;inl;inc;ipp;xsd</Extensions>
    </Filter>
    <Filter Include="资源文件">
      <UniqueIdentifier>{67DA6AB6-F800-4c08-8B7A-83BB121AAD01}</UniqueIdentifier>
      <Extensions>rc;ico;cur;bmp;dlg;rc2;rct;bin;rgs;gif;jpg;jpeg;jpe;resx;tiff;tif;png;wav;mfcribbon-ms</Extensions>
    </Filter>
    <Filter Include="svgrender">
      <UniqueIdentifier>{e522a165-08c8-4c27-8a38-26f16c575805}</UniqueIdentifier>
    </Filter>
    <Filter Include="svgrender\xml">
      <UniqueIdentifier>{28f80d67-f31d-43af-9b31-b47cbb7c4048}</UniqueIdentifier>
    </Filter>
  </ItemGroup>
  <ItemGroup>
    <ClCompile Include="..\..\src\HandleTable_ex.cpp">
      <Filter>源文件</Filter>
    </ClCompile>
    <ClCompile Include="..\..\src\HashTable_ex.cpp">
      <Filter>源文件</Filter>
    </ClCompile>
    <ClCompile Include="..\..\src\help_ex.cpp">
      <Filter>源文件</Filter>
    </ClCompile>
    <ClCompile Include="..\..\src\Hook_ex.cpp">
      <Filter>源文件</Filter>
    </ClCompile>
    <ClCompile Include="..\..\src\Image_ex.cpp">
      <Filter>源文件</Filter>
    </ClCompile>
    <ClCompile Include="..\..\src\Layout_ex.cpp">
      <Filter>源文件</Filter>
    </ClCompile>
    <ClCompile Include="..\..\src\Matrix_ex.cpp">
      <Filter>源文件</Filter>
    </ClCompile>
    <ClCompile Include="..\..\src\MemPool_ex.cpp">
      <Filter>源文件</Filter>
    </ClCompile>
    <ClCompile Include="..\..\src\Object_ex.cpp">
      <Filter>源文件</Filter>
    </ClCompile>
    <ClCompile Include="..\..\src\Path_ex.cpp">
      <Filter>源文件</Filter>
    </ClCompile>
    <ClCompile Include="..\..\src\Region_ex.cpp">
      <Filter>源文件</Filter>
    </ClCompile>
    <ClCompile Include="..\..\src\Resource_ex.cpp">
      <Filter>源文件</Filter>
    </ClCompile>
    <ClCompile Include="..\..\src\StrokeStyle_ex.cpp">
      <Filter>源文件</Filter>
    </ClCompile>
    <ClCompile Include="..\..\src\Theme_ex.cpp">
      <Filter>源文件</Filter>
    </ClCompile>
    <ClCompile Include="..\..\src\Thread_ex.cpp">
      <Filter>源文件</Filter>
    </ClCompile>
    <ClCompile Include="..\..\src\Wnd_ex.cpp">
      <Filter>源文件</Filter>
    </ClCompile>
    <ClCompile Include="..\..\src\Array_ex.cpp">
      <Filter>源文件</Filter>
    </ClCompile>
    <ClCompile Include="..\..\src\Brush_ex.cpp">
      <Filter>源文件</Filter>
    </ClCompile>
    <ClCompile Include="..\..\src\Canvas_ex.cpp">
      <Filter>源文件</Filter>
    </ClCompile>
    <ClCompile Include="..\..\src\Class_Scrollbar_ex.cpp">
      <Filter>源文件</Filter>
    </ClCompile>
    <ClCompile Include="..\..\src\Class_Static_SysLink_ex.cpp">
      <Filter>源文件</Filter>
    </ClCompile>
    <ClCompile Include="..\..\src\Class_SysButton_Page_ex.cpp">
      <Filter>源文件</Filter>
    </ClCompile>
    <ClCompile Include="..\..\src\DirectX_ex.cpp">
      <Filter>源文件</Filter>
    </ClCompile>
    <ClCompile Include="..\..\src\Font_ex.cpp">
      <Filter>源文件</Filter>
    </ClCompile>
    <ClCompile Include="..\..\src\Format_ex.cpp">
      <Filter>源文件</Filter>
    </ClCompile>
    <ClCompile Include="..\..\src\Global_ex.cpp">
      <Filter>源文件</Filter>
    </ClCompile>
    <ClCompile Include="..\..\src\Class_Button_Item_ex.cpp">
      <Filter>源文件</Filter>
    </ClCompile>
    <ClCompile Include="..\..\src\Class_Edit_ex.cpp">
      <Filter>源文件</Filter>
    </ClCompile>
    <ClCompile Include="..\..\src\Class_ListView_ex.cpp">
      <Filter>源文件</Filter>
    </ClCompile>
    <ClCompile Include="..\..\src\Class_ComboBox_ex.cpp">
      <Filter>源文件</Filter>
    </ClCompile>
    <ClCompile Include="..\..\src\Easing_ex.cpp">
      <Filter>源文件</Filter>
    </ClCompile>
    <ClCompile Include="..\..\src\ImageList_ex.cpp">
      <Filter>源文件</Filter>
    </ClCompile>
    <ClCompile Include="..\..\src\Class_GroupBox_ex.cpp">
      <Filter>源文件</Filter>
    </ClCompile>
    <ClCompile Include="..\..\src\Class_ReportListView_ex.cpp">
      <Filter>源文件</Filter>
    </ClCompile>
    <ClCompile Include="..\..\src\Class_IconListView_ex.cpp">
      <Filter>源文件</Filter>
    </ClCompile>
    <ClCompile Include="..\..\src\Class_TreeView_ex.cpp">
      <Filter>源文件</Filter>
    </ClCompile>
    <ClCompile Include="..\..\src\Class_NavButton_ex.cpp">
      <Filter>源文件</Filter>
    </ClCompile>
    <ClCompile Include="..\..\src\Class_ButtonEx_ex.cpp">
      <Filter>源文件</Filter>
    </ClCompile>
    <ClCompile Include="..\..\src\Class_EditEx_ex.cpp">
      <Filter>源文件</Filter>
    </ClCompile>
    <ClCompile Include="..\..\src\Class_CheckButtonEx_ex.cpp">
      <Filter>源文件</Filter>
    </ClCompile>
    <ClCompile Include="..\..\src\Class_RadioButtonEx_ex.cpp">
      <Filter>源文件</Filter>
    </ClCompile>
    <ClCompile Include="..\..\src\Class_CheckBox_ex.cpp">
      <Filter>源文件</Filter>
    </ClCompile>
    <ClCompile Include="..\..\src\Class_Switch_ex.cpp">
      <Filter>源文件</Filter>
    </ClCompile>
    <ClCompile Include="..\..\src\Class_MosaicLoading_ex.cpp">
      <Filter>源文件</Filter>
    </ClCompile>
    <ClCompile Include="..\..\src\Class_Win10Loading_ex.cpp">
      <Filter>源文件</Filter>
    </ClCompile>
    <ClCompile Include="..\..\src\Class_SliderBar_ex.cpp">
      <Filter>源文件</Filter>
    </ClCompile>
    <ClCompile Include="..\..\src\Class_RotateImageBox_ex.cpp">
      <Filter>源文件</Filter>
    </ClCompile>
    <ClCompile Include="..\..\src\DropTarget_ex.cpp">
      <Filter>源文件</Filter>
    </ClCompile>
    <ClCompile Include="..\..\src\Class_ProgressBar_ex.cpp">
      <Filter>源文件</Filter>
    </ClCompile>
    <ClCompile Include="..\..\src\Class_ListButton_ex.cpp">
      <Filter>源文件</Filter>
    </ClCompile>
    <ClCompile Include="..\..\src\Class_DateBox_ex.cpp">
      <Filter>源文件</Filter>
    </ClCompile>
    <ClCompile Include="..\..\src\Class_TitleBar_ex.cpp">
      <Filter>源文件</Filter>
    </ClCompile>
    <ClCompile Include="..\..\src\Class_ColorPicker_ex.cpp">
      <Filter>源文件</Filter>
    </ClCompile>
    <ClCompile Include="..\..\src\Class_CefBrowser_ex.cpp">
      <Filter>源文件</Filter>
    </ClCompile>
    <ClCompile Include="..\..\src\Class_ScoreButton_ex.cpp">
      <Filter>源文件</Filter>
    </ClCompile>
    <ClCompile Include="..\..\src\Class_Carousel_ex.cpp">
      <Filter>源文件</Filter>
    </ClCompile>
    <ClCompile Include="..\..\src\Class_DrawingBoard_ex.cpp">
      <Filter>源文件</Filter>
    </ClCompile>
    <ClCompile Include="..\..\src\Class_Palette_ex.cpp">
      <Filter>源文件</Filter>
    </ClCompile>
    <ClCompile Include="..\..\src\Class_Calendar_ex.cpp">
      <Filter>源文件</Filter>
    </ClCompile>
    <ClCompile Include="..\..\src\Class_RollMenu.cpp">
      <Filter>源文件</Filter>
    </ClCompile>
    <ClCompile Include="..\..\src\Class_TaggingBoard.cpp">
      <Filter>源文件</Filter>
    </ClCompile>
    <ClCompile Include="..\..\src\Effect_ex.cpp">
      <Filter>源文件</Filter>
    </ClCompile>
    <ClCompile Include="..\..\src\Geometry_ex.cpp">
      <Filter>源文件</Filter>
    </ClCompile>
    <ClCompile Include="..\..\src\Class_VLCPlayer_ex.cpp">
      <Filter>源文件</Filter>
    </ClCompile>
    <ClCompile Include="..\..\src\stdafx.cpp">
      <Filter>源文件</Filter>
    </ClCompile>
    <ClCompile Include="..\..\src\Class_CircleProgressBar_ex.cpp">
      <Filter>源文件</Filter>
    </ClCompile>
    <ClCompile Include="..\..\src\Class_WaveProgressBar_ex.cpp">
      <Filter>源文件</Filter>
    </ClCompile>
    <ClCompile Include="..\..\src\Class_LineChart_ex.cpp">
      <Filter>源文件</Filter>
    </ClCompile>
    <ClCompile Include="..\..\src\Class_ChatBox_ex.cpp">
      <Filter>源文件</Filter>
    </ClCompile>
    <ClCompile Include="..\..\src\Class_FlowChart_ex.cpp">
      <Filter>源文件</Filter>
    </ClCompile>
    <ClCompile Include="..\..\thirdparty\svgrender\base64.cpp">
      <Filter>svgrender</Filter>
    </ClCompile>
    <ClCompile Include="..\..\thirdparty\svgrender\D2DSVGRenderer.cpp">
      <Filter>svgrender</Filter>
    </ClCompile>
    <ClCompile Include="..\..\thirdparty\svgrender\Interval.cpp">
      <Filter>svgrender</Filter>
    </ClCompile>
    <ClCompile Include="..\..\thirdparty\svgrender\Rect.cpp">
      <Filter>svgrender</Filter>
    </ClCompile>
    <ClCompile Include="..\..\thirdparty\svgrender\SVGDocument.cpp">
      <Filter>svgrender</Filter>
    </ClCompile>
    <ClCompile Include="..\..\thirdparty\svgrender\SVGParserArcToCurve.cpp">
      <Filter>svgrender</Filter>
    </ClCompile>
    <ClCompile Include="..\..\thirdparty\svgrender\SVGStringParser.cpp">
      <Filter>svgrender</Filter>
    </ClCompile>
    <ClCompile Include="..\..\thirdparty\svgrender\xml\RapidXMLParser.cpp">
      <Filter>svgrender\xml</Filter>
    </ClCompile>
    <ClCompile Include="..\..\src\Class_PropertyGrid_ex.cpp">
      <Filter>源文件</Filter>
    </ClCompile>
    <ClCompile Include="..\..\src\Class_Splitter_ex.cpp">
      <Filter>源文件</Filter>
    </ClCompile>
    <ClCompile Include="..\..\src\Class_Grid_ex.cpp">
      <Filter>源文件</Filter>
    </ClCompile>
    <ClCompile Include="..\..\src\Class_FlowScrollView_ex.cpp">
      <Filter>源文件</Filter>
    </ClCompile>
    <ClCompile Include="..\..\src\Class_SysMenu_ex.cpp">
      <Filter>源文件</Filter>
    </ClCompile>
    <ClCompile Include="..\..\src\Class_WebView_ex.cpp">
      <Filter>源文件</Filter>
    </ClCompile>
    <ClCompile Include="..\..\src\Class_PrototypeBoard_ex.cpp">
      <Filter>源文件</Filter>
    </ClCompile>
  </ItemGroup>
  <ItemGroup>
    <ClInclude Include="..\..\include\Class_Scrollbar_ex.h">
      <Filter>头文件</Filter>
    </ClInclude>
    <ClInclude Include="..\..\include\Class_Static_SysLink_ex.h">
      <Filter>头文件</Filter>
    </ClInclude>
    <ClInclude Include="..\..\include\Class_SysButton_Page_ex.h">
      <Filter>头文件</Filter>
    </ClInclude>
    <ClInclude Include="..\..\include\ExDUIR_Struct.h">
      <Filter>头文件</Filter>
    </ClInclude>
    <ClInclude Include="..\..\include\DirectX_ex.h">
      <Filter>头文件</Filter>
    </ClInclude>
    <ClInclude Include="..\..\include\Font_ex.h">
      <Filter>头文件</Filter>
    </ClInclude>
    <ClInclude Include="..\..\include\Format_ex.h">
      <Filter>头文件</Filter>
    </ClInclude>
    <ClInclude Include="..\..\include\HandelTable_ex.h">
      <Filter>头文件</Filter>
    </ClInclude>
    <ClInclude Include="..\..\include\HashTable_ex.h">
      <Filter>头文件</Filter>
    </ClInclude>
    <ClInclude Include="..\..\include\help_ex.h">
      <Filter>头文件</Filter>
    </ClInclude>
    <ClInclude Include="..\..\include\Hook_ex.h">
      <Filter>头文件</Filter>
    </ClInclude>
    <ClInclude Include="..\..\include\Image_ex.h">
      <Filter>头文件</Filter>
    </ClInclude>
    <ClInclude Include="..\..\include\Layout_ex.h">
      <Filter>头文件</Filter>
    </ClInclude>
    <ClInclude Include="..\..\include\Matrix_ex.h">
      <Filter>头文件</Filter>
    </ClInclude>
    <ClInclude Include="..\..\include\MemPool_ex.h">
      <Filter>头文件</Filter>
    </ClInclude>
    <ClInclude Include="..\..\include\Object_ex.h">
      <Filter>头文件</Filter>
    </ClInclude>
    <ClInclude Include="..\..\include\Path_ex.h">
      <Filter>头文件</Filter>
    </ClInclude>
    <ClInclude Include="..\..\include\Resource_ex.h">
      <Filter>头文件</Filter>
    </ClInclude>
    <ClInclude Include="..\..\include\StrokeStyle_ex.h">
      <Filter>头文件</Filter>
    </ClInclude>
    <ClInclude Include="..\..\include\Theme_ex.h">
      <Filter>头文件</Filter>
    </ClInclude>
    <ClInclude Include="..\..\include\Thread_ex.h">
      <Filter>头文件</Filter>
    </ClInclude>
    <ClInclude Include="..\..\include\Wnd_ex.h">
      <Filter>头文件</Filter>
    </ClInclude>
    <ClInclude Include="..\..\include\Array_ex.h">
      <Filter>头文件</Filter>
    </ClInclude>
    <ClInclude Include="..\..\include\Canvas_ex.h">
      <Filter>头文件</Filter>
    </ClInclude>
    <ClInclude Include="..\..\include\Class_Button_Item_ex.h">
      <Filter>头文件</Filter>
    </ClInclude>
    <ClInclude Include="..\..\include\Class_Edit_ex.h">
      <Filter>头文件</Filter>
    </ClInclude>
    <ClInclude Include="..\..\include\Class_ListView_ex.h">
      <Filter>头文件</Filter>
    </ClInclude>
    <ClInclude Include="..\..\include\Class_ComboBox_ex.h">
      <Filter>头文件</Filter>
    </ClInclude>
    <ClInclude Include="..\..\include\Easing_ex.h">
      <Filter>头文件</Filter>
    </ClInclude>
    <ClInclude Include="..\..\include\Class_GroupBox_ex.h">
      <Filter>头文件</Filter>
    </ClInclude>
    <ClInclude Include="..\..\include\Class_ReportListView_ex.h">
      <Filter>头文件</Filter>
    </ClInclude>
    <ClInclude Include="..\..\include\Class_IconListView_ex.h">
      <Filter>头文件</Filter>
    </ClInclude>
    <ClInclude Include="..\..\include\Class_TreeView_ex.h">
      <Filter>头文件</Filter>
    </ClInclude>
    <ClInclude Include="..\..\include\Class_NavButton_ex.h">
      <Filter>头文件</Filter>
    </ClInclude>
    <ClInclude Include="..\..\include\Class_ButtonEx_ex.h">
      <Filter>头文件</Filter>
    </ClInclude>
    <ClInclude Include="..\..\include\Class_EditEx_ex.h">
      <Filter>头文件</Filter>
    </ClInclude>
    <ClInclude Include="..\..\include\Class_CheckButtonEx_ex.h">
      <Filter>头文件</Filter>
    </ClInclude>
    <ClInclude Include="..\..\include\Class_RadioButtonEx_ex.h">
      <Filter>头文件</Filter>
    </ClInclude>
    <ClInclude Include="..\..\include\Class_CheckBox_ex.h">
      <Filter>头文件</Filter>
    </ClInclude>
    <ClInclude Include="..\..\include\Class_Switch_ex.h">
      <Filter>头文件</Filter>
    </ClInclude>
    <ClInclude Include="..\..\include\Class_MosaicLoading_ex.h">
      <Filter>头文件</Filter>
    </ClInclude>
    <ClInclude Include="..\..\include\Class_Win10Loading_ex.h">
      <Filter>头文件</Filter>
    </ClInclude>
    <ClInclude Include="..\..\include\Class_SliderBar_ex.h">
      <Filter>头文件</Filter>
    </ClInclude>
    <ClInclude Include="..\..\include\Class_RotateImageBox_ex.h">
      <Filter>头文件</Filter>
    </ClInclude>
    <ClInclude Include="..\..\include\ExDUIR_Func.h">
      <Filter>头文件</Filter>
    </ClInclude>
    <ClInclude Include="..\..\include\DropTarget_ex.h">
      <Filter>头文件</Filter>
    </ClInclude>
    <ClInclude Include="..\..\include\Class_ProgressBar_ex.h">
      <Filter>头文件</Filter>
    </ClInclude>
    <ClInclude Include="..\..\include\Class_ListButton_ex.h">
      <Filter>头文件</Filter>
    </ClInclude>
    <ClInclude Include="..\..\include\Class_DateBox_ex.h">
      <Filter>头文件</Filter>
    </ClInclude>
    <ClInclude Include="..\..\include\Class_TitleBar_ex.h">
      <Filter>头文件</Filter>
    </ClInclude>
    <ClInclude Include="..\..\include\Class_ColorPicker_ex.h">
      <Filter>头文件</Filter>
    </ClInclude>
    <ClInclude Include="..\..\include\Class_Calendar_ex.h">
      <Filter>头文件</Filter>
    </ClInclude>
    <ClInclude Include="..\..\include\LunarData.h">
      <Filter>头文件</Filter>
    </ClInclude>
    <ClInclude Include="..\..\include\Class_CefBrowser_ex.h">
      <Filter>头文件</Filter>
    </ClInclude>
    <ClInclude Include="..\..\include\Class_ScoreButton_ex.h">
      <Filter>头文件</Filter>
    </ClInclude>
    <ClInclude Include="..\..\include\Class_Carousel_ex.h">
      <Filter>头文件</Filter>
    </ClInclude>
    <ClInclude Include="..\..\include\Class_DrawingBoard_ex.h">
      <Filter>头文件</Filter>
    </ClInclude>
    <ClInclude Include="..\..\include\Class_Palette_ex.h">
      <Filter>头文件</Filter>
    </ClInclude>
    <ClInclude Include="..\..\include\CustomFont.h">
      <Filter>头文件</Filter>
    </ClInclude>
    <ClInclude Include="..\..\include\Class_RollMenu.h">
      <Filter>头文件</Filter>
    </ClInclude>
    <ClInclude Include="..\..\include\Class_TaggingBoard.h">
      <Filter>头文件</Filter>
    </ClInclude>
    <ClInclude Include="..\..\include\ExDUIR_Interface.h">
      <Filter>头文件</Filter>
    </ClInclude>
    <ClInclude Include="..\..\include\Geometry_ex.h">
      <Filter>头文件</Filter>
    </ClInclude>
    <ClInclude Include="..\..\include\Class_VLCPlayer_ex.h">
      <Filter>头文件</Filter>
    </ClInclude>
    <ClInclude Include="..\..\include\stdafx.h">
      <Filter>头文件</Filter>
    </ClInclude>
    <ClInclude Include="..\..\include\Class_CircleProgressBar_ex.h">
      <Filter>头文件</Filter>
    </ClInclude>
    <ClInclude Include="..\..\include\Class_WaveProgressBar_ex.h">
      <Filter>头文件</Filter>
    </ClInclude>
    <ClInclude Include="..\..\include\Class_LineChart_ex.h">
      <Filter>头文件</Filter>
    </ClInclude>
    <ClInclude Include="..\..\include\Class_ChatBox_ex.h">
      <Filter>头文件</Filter>
    </ClInclude>
    <ClInclude Include="..\..\include\Class_FlowChart_ex.h">
      <Filter>头文件</Filter>
    </ClInclude>
    <ClInclude Include="..\..\thirdparty\svgrender\base64.h">
      <Filter>svgrender</Filter>
    </ClInclude>
    <ClInclude Include="..\..\thirdparty\svgrender\Config.h">
      <Filter>svgrender</Filter>
    </ClInclude>
    <ClInclude Include="..\..\thirdparty\svgrender\config.hpp">
      <Filter>svgrender</Filter>
    </ClInclude>
    <ClInclude Include="..\..\thirdparty\svgrender\Constants.h">
      <Filter>svgrender</Filter>
    </ClInclude>
    <ClInclude Include="..\..\thirdparty\svgrender\CSSColorKeywords.h">
      <Filter>svgrender</Filter>
    </ClInclude>
    <ClInclude Include="..\..\thirdparty\svgrender\in_place.hpp">
      <Filter>svgrender</Filter>
    </ClInclude>
    <ClInclude Include="..\..\thirdparty\svgrender\Interval.h">
      <Filter>svgrender</Filter>
    </ClInclude>
    <ClInclude Include="..\..\thirdparty\svgrender\lib.hpp">
      <Filter>svgrender</Filter>
    </ClInclude>
    <ClInclude Include="..\..\thirdparty\svgrender\Rect.h">
      <Filter>svgrender</Filter>
    </ClInclude>
    <ClInclude Include="..\..\thirdparty\svgrender\SVGDocument.h">
      <Filter>svgrender</Filter>
    </ClInclude>
    <ClInclude Include="..\..\thirdparty\svgrender\SVGRenderer.h">
      <Filter>svgrender</Filter>
    </ClInclude>
    <ClInclude Include="..\..\thirdparty\svgrender\SVGStringParser.h">
      <Filter>svgrender</Filter>
    </ClInclude>
    <ClInclude Include="..\..\thirdparty\svgrender\variant.hpp">
      <Filter>svgrender</Filter>
    </ClInclude>
    <ClInclude Include="..\..\thirdparty\svgrender\xml\XMLParser.h">
      <Filter>svgrender\xml</Filter>
    </ClInclude>
    <ClInclude Include="..\..\include\Class_PropertyGrid_ex.h">
      <Filter>头文件</Filter>
    </ClInclude>
    <ClInclude Include="..\..\src\Class_Splitter_ex.h">
      <Filter>头文件</Filter>
    </ClInclude>
    <ClInclude Include="..\..\include\Class_Grid_ex.h">
      <Filter>头文件</Filter>
    </ClInclude>
    <ClInclude Include="..\..\include\Class_FlowScrollView_ex.h">
      <Filter>头文件</Filter>
    </ClInclude>
    <ClInclude Include="..\..\include\Class_SysMenu_ex.h">
      <Filter>头文件</Filter>
    </ClInclude>
    <ClInclude Include="..\..\include\Class_WebView_ex.h">
      <Filter>头文件</Filter>
    </ClInclude>
    <ClInclude Include="..\..\include\Class_PrototypeBoard_ex.h">
      <Filter>头文件</Filter>
    </ClInclude>
  </ItemGroup>
</Project>